
Microsoft Visual Studio Solution File, Format Version 12.00
# Visual Studio Version 17
VisualStudioVersion = 17.0.32014.148
MinimumVisualStudioVersion = 10.0.40219.1
Project("{FAE04EC0-301F-11D3-BF4B-00C04F79EFBC}") = "Secao15_SaidaDeDados", "Secao15_SaidaDeDados\Secao15_SaidaDeDados.csproj", "{A84FF9E9-5CE5-410B-82A9-BBF00923151C}"
EndProject
Global
	GlobalSection(SolutionConfigurationPlatforms) = preSolution
		Debug|Any CPU = Debug|Any CPU
		Release|Any CPU = Release|Any CPU
	EndGlobalSection
	GlobalSection(ProjectConfigurationPlatforms) = postSolution
		{A84FF9E9-5CE5-410B-82A9-BBF00923151C}.Debug|Any CPU.ActiveCfg = Debug|Any CPU
		{A84FF9E9-5CE5-410B-82A9-BBF00923151C}.Debug|Any CPU.Build.0 = Debug|Any CPU
		{A84FF9E9-5CE5-410B-82A9-BBF00923151C}.Release|Any CPU.ActiveCfg = Release|Any CPU
		{A84FF9E9-5CE5-410B-82A9-BBF00923151C}.Release|Any CPU.Build.0 = Release|Any CPU
	EndGlobalSection
	GlobalSection(SolutionProperties) = preSolution
		HideSolutionNode = FALSE
	EndGlobalSection
	GlobalSection(ExtensibilityGlobals) = postSolution
		SolutionGuid = {E948B37E-5024-4B94-8BDB-CBA395137A25}
	EndGlobalSection
EndGlobal
