
Microsoft Visual Studio Solution File, Format Version 12.00
# Visual Studio Version 17
VisualStudioVersion = 17.0.32014.148
MinimumVisualStudioVersion = 10.0.40219.1
Project("{FAE04EC0-301F-11D3-BF4B-00C04F79EFBC}") = "Exercicio_1009", "Exercicio_1009\Exercicio_1009.csproj", "{48389C88-0D18-48EE-9453-FD04E313CBA6}"
EndProject
Global
	GlobalSection(SolutionConfigurationPlatforms) = preSolution
		Debug|Any CPU = Debug|Any CPU
		Release|Any CPU = Release|Any CPU
	EndGlobalSection
	GlobalSection(ProjectConfigurationPlatforms) = postSolution
		{48389C88-0D18-48EE-9453-FD04E313CBA6}.Debug|Any CPU.ActiveCfg = Debug|Any CPU
		{48389C88-0D18-48EE-9453-FD04E313CBA6}.Debug|Any CPU.Build.0 = Debug|Any CPU
		{48389C88-0D18-48EE-9453-FD04E313CBA6}.Release|Any CPU.ActiveCfg = Release|Any CPU
		{48389C88-0D18-48EE-9453-FD04E313CBA6}.Release|Any CPU.Build.0 = Release|Any CPU
	EndGlobalSection
	GlobalSection(SolutionProperties) = preSolution
		HideSolutionNode = FALSE
	EndGlobalSection
	GlobalSection(ExtensibilityGlobals) = postSolution
		SolutionGuid = {7DAA8A1D-C6BE-4D29-ABF6-F41E5B2E329A}
	EndGlobalSection
EndGlobal
