
Microsoft Visual Studio Solution File, Format Version 12.00
# Visual Studio Version 17
VisualStudioVersion = 17.0.32014.148
MinimumVisualStudioVersion = 10.0.40219.1
Project("{9A19103F-16F7-4668-BE54-9A1E7A4F7556}") = "Aula16_ProcessamentoDeDados", "Aula16_ProcessamentoDeDados\Aula16_ProcessamentoDeDados.csproj", "{CBDBE788-CEEF-4F99-BBF3-457E889ABFD4}"
EndProject
Project("{9A19103F-16F7-4668-BE54-9A1E7A4F7556}") = "Exemplo2", "Exemplo2\Exemplo2.csproj", "{989CCE82-7981-41BE-AA5C-6B0F5F2094F0}"
EndProject
Project("{9A19103F-16F7-4668-BE54-9A1E7A4F7556}") = "Exemplo3_CalculandoArea", "Exemplo3_CalculandoArea\Exemplo3_CalculandoArea.csproj", "{A99F94B4-39B2-4CBB-842C-4531E9E61163}"
EndProject
Project("{9A19103F-16F7-4668-BE54-9A1E7A4F7556}") = "Exemplo4", "Exemplo4\Exemplo4.csproj", "{0B13BB37-F9F3-44C3-A743-500A95A62033}"
EndProject
Project("{9A19103F-16F7-4668-BE54-9A1E7A4F7556}") = "Aula17_secao03", "Aula17_secao03\Aula17_secao03.csproj", "{517CDB17-CF25-4D29-8986-3EEC76CE1F31}"
EndProject
Project("{9A19103F-16F7-4668-BE54-9A1E7A4F7556}") = "Aula18_secao03", "Aula18_secao03\Aula18_secao03.csproj", "{53718C51-EA17-4153-A8BF-AAF030AC2CAC}"
EndProject
Project("{9A19103F-16F7-4668-BE54-9A1E7A4F7556}") = "Exercicio_proposto_secao03", "Exercicio_proposto_secao03\Exercicio_proposto_secao03.csproj", "{4018F241-4263-4492-833F-CD6B3A03A43D}"
EndProject
Project("{9A19103F-16F7-4668-BE54-9A1E7A4F7556}") = "Aula19_FuncoesMatematicas_secao03", "Aula19_FuncoesMatematicas_secao03\Aula19_FuncoesMatematicas_secao03.csproj", "{CD61E953-78D8-49D8-87D4-72145C64E136}"
EndProject
Project("{9A19103F-16F7-4668-BE54-9A1E7A4F7556}") = "Aula20_ExercicioResolvido_Secao03", "Aula20_ExercicioResolvido_Secao03\Aula20_ExercicioResolvido_Secao03.csproj", "{44959CC5-6189-4785-B16D-DCBA175262D2}"
EndProject
Project("{9A19103F-16F7-4668-BE54-9A1E7A4F7556}") = "Aula24_ExercicioResolvido2", "Aula23_ExercicioProposto_Parte1\Aula24_ExercicioResolvido2.csproj", "{243D4D9B-6A48-4153-A30C-194F2FE5DEE0}"
EndProject
Project("{9A19103F-16F7-4668-BE54-9A1E7A4F7556}") = "Aula25_ExercicioResolvido_03", "Aula25_ExercicioResolvido_03\Aula25_ExercicioResolvido_03.csproj", "{09CB0090-BFE0-4B03-B34E-9B37688E6A98}"
EndProject
Project("{9A19103F-16F7-4668-BE54-9A1E7A4F7556}") = "Aula32_secao04_estrutura_Condicional", "Aula32_secao04_estrutura_Condicional\Aula32_secao04_estrutura_Condicional.csproj", "{33551A30-2C36-42A7-BB25-38B9A1411CDF}"
EndProject
Project("{9A19103F-16F7-4668-BE54-9A1E7A4F7556}") = "Aula33_Exercicio_Resolvido01_EstruturaCondicional", "Aula33_Exercicio_Resolvido01_EstruturaCondicional\Aula33_Exercicio_Resolvido01_EstruturaCondicional.csproj", "{3975E3DE-163B-428B-B00C-EA4359AA0625}"
EndProject
Project("{9A19103F-16F7-4668-BE54-9A1E7A4F7556}") = "Aula34_Exercicio_Resolvido", "Aula34_Exercicio_Resolvido\Aula34_Exercicio_Resolvido.csproj", "{50C0C711-56D0-4484-8CBA-866DA42E789C}"
EndProject
Project("{9A19103F-16F7-4668-BE54-9A1E7A4F7556}") = "Aula35_Exercicio_Resolvido03", "Aula35_Exercicio_Resolvido03\Aula35_Exercicio_Resolvido03.csproj", "{B1DF77DA-DA6A-47C2-9047-44A3118158E9}"
EndProject
Project("{9A19103F-16F7-4668-BE54-9A1E7A4F7556}") = "Aula40_EstruturaRepetitivaEnquanto.", "Aula40_EstruturaRepetitivaEnquanto\Aula40_EstruturaRepetitivaEnquanto..csproj", "{8FAD2E82-C140-4F57-A5DC-98E1576AD9C3}"
EndProject
Project("{9A19103F-16F7-4668-BE54-9A1E7A4F7556}") = "Aula43_ExercicioResolvido01_EstruturaRepetitivaEnquanto", "Aula43_ExercicioResolvido01_EstruturaRepetitivaEnquanto\Aula43_ExercicioResolvido01_EstruturaRepetitivaEnquanto.csproj", "{01AAE8DE-5DEB-46B1-8C2F-680F8B74B838}"
EndProject
Project("{9A19103F-16F7-4668-BE54-9A1E7A4F7556}") = "Aula44_ExercicioResolvido02", "Aula44_ExercicioResolvido02\Aula44_ExercicioResolvido02.csproj", "{316A478D-6B15-44FE-A561-FD2F89791271}"
EndProject
Project("{9A19103F-16F7-4668-BE54-9A1E7A4F7556}") = "Aula46_EstruturaRepetitivaPara", "Aula46_EstruturaRepetitivaPara\Aula46_EstruturaRepetitivaPara.csproj", "{4A46E255-DF03-4930-80E3-372BE6DEC6FA}"
EndProject
Project("{FAE04EC0-301F-11D3-BF4B-00C04F79EFBC}") = "Aula_49_ExercicioResolvido_1078", "Aula_49_ExercicioResolvido_1078\Aula_49_ExercicioResolvido_1078.csproj", "{291C385B-B57D-40E2-97EE-73D894232F2B}"
EndProject
Project("{FAE04EC0-301F-11D3-BF4B-00C04F79EFBC}") = "Aula50_ExercicioResolvido_1071", "Aula50_ExercicioResolvido_1071\Aula50_ExercicioResolvido_1071.csproj", "{7D450C97-64F9-46EF-AB57-A107D46D07A2}"
EndProject
Project("{FAE04EC0-301F-11D3-BF4B-00C04F79EFBC}") = "Aula51_FaçaEnquanto", "Aula51_FaçaEnquanto\Aula51_FaçaEnquanto.csproj", "{C7CC7DB6-C708-47CD-912D-CB230A09D416}"
EndProject
Global
	GlobalSection(SolutionConfigurationPlatforms) = preSolution
		Debug|Any CPU = Debug|Any CPU
		Release|Any CPU = Release|Any CPU
	EndGlobalSection
	GlobalSection(ProjectConfigurationPlatforms) = postSolution
		{CBDBE788-CEEF-4F99-BBF3-457E889ABFD4}.Debug|Any CPU.ActiveCfg = Debug|Any CPU
		{CBDBE788-CEEF-4F99-BBF3-457E889ABFD4}.Debug|Any CPU.Build.0 = Debug|Any CPU
		{CBDBE788-CEEF-4F99-BBF3-457E889ABFD4}.Release|Any CPU.ActiveCfg = Release|Any CPU
		{CBDBE788-CEEF-4F99-BBF3-457E889ABFD4}.Release|Any CPU.Build.0 = Release|Any CPU
		{989CCE82-7981-41BE-AA5C-6B0F5F2094F0}.Debug|Any CPU.ActiveCfg = Debug|Any CPU
		{989CCE82-7981-41BE-AA5C-6B0F5F2094F0}.Debug|Any CPU.Build.0 = Debug|Any CPU
		{989CCE82-7981-41BE-AA5C-6B0F5F2094F0}.Release|Any CPU.ActiveCfg = Release|Any CPU
		{989CCE82-7981-41BE-AA5C-6B0F5F2094F0}.Release|Any CPU.Build.0 = Release|Any CPU
		{A99F94B4-39B2-4CBB-842C-4531E9E61163}.Debug|Any CPU.ActiveCfg = Debug|Any CPU
		{A99F94B4-39B2-4CBB-842C-4531E9E61163}.Debug|Any CPU.Build.0 = Debug|Any CPU
		{A99F94B4-39B2-4CBB-842C-4531E9E61163}.Release|Any CPU.ActiveCfg = Release|Any CPU
		{A99F94B4-39B2-4CBB-842C-4531E9E61163}.Release|Any CPU.Build.0 = Release|Any CPU
		{0B13BB37-F9F3-44C3-A743-500A95A62033}.Debug|Any CPU.ActiveCfg = Debug|Any CPU
		{0B13BB37-F9F3-44C3-A743-500A95A62033}.Debug|Any CPU.Build.0 = Debug|Any CPU
		{0B13BB37-F9F3-44C3-A743-500A95A62033}.Release|Any CPU.ActiveCfg = Release|Any CPU
		{0B13BB37-F9F3-44C3-A743-500A95A62033}.Release|Any CPU.Build.0 = Release|Any CPU
		{517CDB17-CF25-4D29-8986-3EEC76CE1F31}.Debug|Any CPU.ActiveCfg = Debug|Any CPU
		{517CDB17-CF25-4D29-8986-3EEC76CE1F31}.Debug|Any CPU.Build.0 = Debug|Any CPU
		{517CDB17-CF25-4D29-8986-3EEC76CE1F31}.Release|Any CPU.ActiveCfg = Release|Any CPU
		{517CDB17-CF25-4D29-8986-3EEC76CE1F31}.Release|Any CPU.Build.0 = Release|Any CPU
		{53718C51-EA17-4153-A8BF-AAF030AC2CAC}.Debug|Any CPU.ActiveCfg = Debug|Any CPU
		{53718C51-EA17-4153-A8BF-AAF030AC2CAC}.Debug|Any CPU.Build.0 = Debug|Any CPU
		{53718C51-EA17-4153-A8BF-AAF030AC2CAC}.Release|Any CPU.ActiveCfg = Release|Any CPU
		{53718C51-EA17-4153-A8BF-AAF030AC2CAC}.Release|Any CPU.Build.0 = Release|Any CPU
		{4018F241-4263-4492-833F-CD6B3A03A43D}.Debug|Any CPU.ActiveCfg = Debug|Any CPU
		{4018F241-4263-4492-833F-CD6B3A03A43D}.Debug|Any CPU.Build.0 = Debug|Any CPU
		{4018F241-4263-4492-833F-CD6B3A03A43D}.Release|Any CPU.ActiveCfg = Release|Any CPU
		{4018F241-4263-4492-833F-CD6B3A03A43D}.Release|Any CPU.Build.0 = Release|Any CPU
		{CD61E953-78D8-49D8-87D4-72145C64E136}.Debug|Any CPU.ActiveCfg = Debug|Any CPU
		{CD61E953-78D8-49D8-87D4-72145C64E136}.Debug|Any CPU.Build.0 = Debug|Any CPU
		{CD61E953-78D8-49D8-87D4-72145C64E136}.Release|Any CPU.ActiveCfg = Release|Any CPU
		{CD61E953-78D8-49D8-87D4-72145C64E136}.Release|Any CPU.Build.0 = Release|Any CPU
		{44959CC5-6189-4785-B16D-DCBA175262D2}.Debug|Any CPU.ActiveCfg = Debug|Any CPU
		{44959CC5-6189-4785-B16D-DCBA175262D2}.Debug|Any CPU.Build.0 = Debug|Any CPU
		{44959CC5-6189-4785-B16D-DCBA175262D2}.Release|Any CPU.ActiveCfg = Release|Any CPU
		{44959CC5-6189-4785-B16D-DCBA175262D2}.Release|Any CPU.Build.0 = Release|Any CPU
		{243D4D9B-6A48-4153-A30C-194F2FE5DEE0}.Debug|Any CPU.ActiveCfg = Debug|Any CPU
		{243D4D9B-6A48-4153-A30C-194F2FE5DEE0}.Debug|Any CPU.Build.0 = Debug|Any CPU
		{243D4D9B-6A48-4153-A30C-194F2FE5DEE0}.Release|Any CPU.ActiveCfg = Release|Any CPU
		{243D4D9B-6A48-4153-A30C-194F2FE5DEE0}.Release|Any CPU.Build.0 = Release|Any CPU
		{09CB0090-BFE0-4B03-B34E-9B37688E6A98}.Debug|Any CPU.ActiveCfg = Debug|Any CPU
		{09CB0090-BFE0-4B03-B34E-9B37688E6A98}.Debug|Any CPU.Build.0 = Debug|Any CPU
		{09CB0090-BFE0-4B03-B34E-9B37688E6A98}.Release|Any CPU.ActiveCfg = Release|Any CPU
		{09CB0090-BFE0-4B03-B34E-9B37688E6A98}.Release|Any CPU.Build.0 = Release|Any CPU
		{33551A30-2C36-42A7-BB25-38B9A1411CDF}.Debug|Any CPU.ActiveCfg = Debug|Any CPU
		{33551A30-2C36-42A7-BB25-38B9A1411CDF}.Debug|Any CPU.Build.0 = Debug|Any CPU
		{33551A30-2C36-42A7-BB25-38B9A1411CDF}.Release|Any CPU.ActiveCfg = Release|Any CPU
		{33551A30-2C36-42A7-BB25-38B9A1411CDF}.Release|Any CPU.Build.0 = Release|Any CPU
		{3975E3DE-163B-428B-B00C-EA4359AA0625}.Debug|Any CPU.ActiveCfg = Debug|Any CPU
		{3975E3DE-163B-428B-B00C-EA4359AA0625}.Debug|Any CPU.Build.0 = Debug|Any CPU
		{3975E3DE-163B-428B-B00C-EA4359AA0625}.Release|Any CPU.ActiveCfg = Release|Any CPU
		{3975E3DE-163B-428B-B00C-EA4359AA0625}.Release|Any CPU.Build.0 = Release|Any CPU
		{50C0C711-56D0-4484-8CBA-866DA42E789C}.Debug|Any CPU.ActiveCfg = Debug|Any CPU
		{50C0C711-56D0-4484-8CBA-866DA42E789C}.Debug|Any CPU.Build.0 = Debug|Any CPU
		{50C0C711-56D0-4484-8CBA-866DA42E789C}.Release|Any CPU.ActiveCfg = Release|Any CPU
		{50C0C711-56D0-4484-8CBA-866DA42E789C}.Release|Any CPU.Build.0 = Release|Any CPU
		{B1DF77DA-DA6A-47C2-9047-44A3118158E9}.Debug|Any CPU.ActiveCfg = Debug|Any CPU
		{B1DF77DA-DA6A-47C2-9047-44A3118158E9}.Debug|Any CPU.Build.0 = Debug|Any CPU
		{B1DF77DA-DA6A-47C2-9047-44A3118158E9}.Release|Any CPU.ActiveCfg = Release|Any CPU
		{B1DF77DA-DA6A-47C2-9047-44A3118158E9}.Release|Any CPU.Build.0 = Release|Any CPU
		{8FAD2E82-C140-4F57-A5DC-98E1576AD9C3}.Debug|Any CPU.ActiveCfg = Debug|Any CPU
		{8FAD2E82-C140-4F57-A5DC-98E1576AD9C3}.Debug|Any CPU.Build.0 = Debug|Any CPU
		{8FAD2E82-C140-4F57-A5DC-98E1576AD9C3}.Release|Any CPU.ActiveCfg = Release|Any CPU
		{8FAD2E82-C140-4F57-A5DC-98E1576AD9C3}.Release|Any CPU.Build.0 = Release|Any CPU
		{01AAE8DE-5DEB-46B1-8C2F-680F8B74B838}.Debug|Any CPU.ActiveCfg = Debug|Any CPU
		{01AAE8DE-5DEB-46B1-8C2F-680F8B74B838}.Debug|Any CPU.Build.0 = Debug|Any CPU
		{01AAE8DE-5DEB-46B1-8C2F-680F8B74B838}.Release|Any CPU.ActiveCfg = Release|Any CPU
		{01AAE8DE-5DEB-46B1-8C2F-680F8B74B838}.Release|Any CPU.Build.0 = Release|Any CPU
		{316A478D-6B15-44FE-A561-FD2F89791271}.Debug|Any CPU.ActiveCfg = Debug|Any CPU
		{316A478D-6B15-44FE-A561-FD2F89791271}.Debug|Any CPU.Build.0 = Debug|Any CPU
		{316A478D-6B15-44FE-A561-FD2F89791271}.Release|Any CPU.ActiveCfg = Release|Any CPU
		{316A478D-6B15-44FE-A561-FD2F89791271}.Release|Any CPU.Build.0 = Release|Any CPU
		{4A46E255-DF03-4930-80E3-372BE6DEC6FA}.Debug|Any CPU.ActiveCfg = Debug|Any CPU
		{4A46E255-DF03-4930-80E3-372BE6DEC6FA}.Debug|Any CPU.Build.0 = Debug|Any CPU
		{4A46E255-DF03-4930-80E3-372BE6DEC6FA}.Release|Any CPU.ActiveCfg = Release|Any CPU
		{4A46E255-DF03-4930-80E3-372BE6DEC6FA}.Release|Any CPU.Build.0 = Release|Any CPU
		{291C385B-B57D-40E2-97EE-73D894232F2B}.Debug|Any CPU.ActiveCfg = Debug|Any CPU
		{291C385B-B57D-40E2-97EE-73D894232F2B}.Debug|Any CPU.Build.0 = Debug|Any CPU
		{291C385B-B57D-40E2-97EE-73D894232F2B}.Release|Any CPU.ActiveCfg = Release|Any CPU
		{291C385B-B57D-40E2-97EE-73D894232F2B}.Release|Any CPU.Build.0 = Release|Any CPU
		{7D450C97-64F9-46EF-AB57-A107D46D07A2}.Debug|Any CPU.ActiveCfg = Debug|Any CPU
		{7D450C97-64F9-46EF-AB57-A107D46D07A2}.Debug|Any CPU.Build.0 = Debug|Any CPU
		{7D450C97-64F9-46EF-AB57-A107D46D07A2}.Release|Any CPU.ActiveCfg = Release|Any CPU
		{7D450C97-64F9-46EF-AB57-A107D46D07A2}.Release|Any CPU.Build.0 = Release|Any CPU
		{C7CC7DB6-C708-47CD-912D-CB230A09D416}.Debug|Any CPU.ActiveCfg = Debug|Any CPU
		{C7CC7DB6-C708-47CD-912D-CB230A09D416}.Debug|Any CPU.Build.0 = Debug|Any CPU
		{C7CC7DB6-C708-47CD-912D-CB230A09D416}.Release|Any CPU.ActiveCfg = Release|Any CPU
		{C7CC7DB6-C708-47CD-912D-CB230A09D416}.Release|Any CPU.Build.0 = Release|Any CPU
	EndGlobalSection
	GlobalSection(SolutionProperties) = preSolution
		HideSolutionNode = FALSE
	EndGlobalSection
	GlobalSection(ExtensibilityGlobals) = postSolution
		SolutionGuid = {13EAF6D4-73D5-4975-9427-972FF1B44B87}
	EndGlobalSection
EndGlobal
